// !$*UTF8*$!
{
	archiveVersion = 1;
	classes = {
	};
	objectVersion = 50;
	objects = {

/* Begin PBXBuildFile section */
		87C32568EB32F92E87003FA8 /* Pods_Weather.framework in Frameworks */ = {isa = PBXBuildFile; fileRef = 4015E766CEEF5C92C7CFB5AA /* Pods_Weather.framework */; };
		F02EE46421F7ABF1008737C9 /* AppDelegate.swift in Sources */ = {isa = PBXBuildFile; fileRef = F02EE46321F7ABF1008737C9 /* AppDelegate.swift */; };
		F02EE46621F7ABF1008737C9 /* WeathersTableViewController.swift in Sources */ = {isa = PBXBuildFile; fileRef = F02EE46521F7ABF1008737C9 /* WeathersTableViewController.swift */; };
		F02EE46921F7ABF1008737C9 /* Main.storyboard in Resources */ = {isa = PBXBuildFile; fileRef = F02EE46721F7ABF1008737C9 /* Main.storyboard */; };
		F02EE46E21F7ABF4008737C9 /* LaunchScreen.storyboard in Resources */ = {isa = PBXBuildFile; fileRef = F02EE46C21F7ABF4008737C9 /* LaunchScreen.storyboard */; };
		F02EE47A21F7AE73008737C9 /* WeathersTableViewCell.swift in Sources */ = {isa = PBXBuildFile; fileRef = F02EE47921F7AE73008737C9 /* WeathersTableViewCell.swift */; };
		F02EE47C21F7AFD9008737C9 /* Region.swift in Sources */ = {isa = PBXBuildFile; fileRef = F02EE47B21F7AFD9008737C9 /* Region.swift */; };
		F02EE47E21F7B01D008737C9 /* NetworkProcessor.swift in Sources */ = {isa = PBXBuildFile; fileRef = F02EE47D21F7B01D008737C9 /* NetworkProcessor.swift */; };
		F02EE48021F7B92B008737C9 /* ForecastService.swift in Sources */ = {isa = PBXBuildFile; fileRef = F02EE47F21F7B92B008737C9 /* ForecastService.swift */; };
		F02EE48221F7BA32008737C9 /* Weather.swift in Sources */ = {isa = PBXBuildFile; fileRef = F02EE48121F7BA32008737C9 /* Weather.swift */; };
		F02EE48621F7C410008737C9 /* Assets.xcassets in Resources */ = {isa = PBXBuildFile; fileRef = F02EE48521F7C410008737C9 /* Assets.xcassets */; };
		F02EE48821F8E773008737C9 /* WeatherViewController.swift in Sources */ = {isa = PBXBuildFile; fileRef = F02EE48721F8E773008737C9 /* WeatherViewController.swift */; };
		F02EE48A21F90A8F008737C9 /* DailyWeather.swift in Sources */ = {isa = PBXBuildFile; fileRef = F02EE48921F90A8F008737C9 /* DailyWeather.swift */; };
		F0C3E28321F9200500B933E1 /* CollectionViewCell.swift in Sources */ = {isa = PBXBuildFile; fileRef = F0C3E28221F9200500B933E1 /* CollectionViewCell.swift */; };
		F0C3E28521F9DB4300B933E1 /* LineChart.swift in Sources */ = {isa = PBXBuildFile; fileRef = F0C3E28421F9DB4300B933E1 /* LineChart.swift */; };
/* End PBXBuildFile section */

/* Begin PBXFileReference section */
		376ABAFDAAA88C3FD3F18B3B /* Pods-Weather.debug.xcconfig */ = {isa = PBXFileReference; includeInIndex = 1; lastKnownFileType = text.xcconfig; name = "Pods-Weather.debug.xcconfig"; path = "Pods/Target Support Files/Pods-Weather/Pods-Weather.debug.xcconfig"; sourceTree = "<group>"; };
		4015E766CEEF5C92C7CFB5AA /* Pods_Weather.framework */ = {isa = PBXFileReference; explicitFileType = wrapper.framework; includeInIndex = 0; path = Pods_Weather.framework; sourceTree = BUILT_PRODUCTS_DIR; };
		E9AD34C7917DD31288956EB9 /* Pods-Weather.release.xcconfig */ = {isa = PBXFileReference; includeInIndex = 1; lastKnownFileType = text.xcconfig; name = "Pods-Weather.release.xcconfig"; path = "Pods/Target Support Files/Pods-Weather/Pods-Weather.release.xcconfig"; sourceTree = "<group>"; };
		F02EE46021F7ABF1008737C9 /* Weather.app */ = {isa = PBXFileReference; explicitFileType = wrapper.application; includeInIndex = 0; path = Weather.app; sourceTree = BUILT_PRODUCTS_DIR; };
		F02EE46321F7ABF1008737C9 /* AppDelegate.swift */ = {isa = PBXFileReference; lastKnownFileType = sourcecode.swift; path = AppDelegate.swift; sourceTree = "<group>"; };
		F02EE46521F7ABF1008737C9 /* WeathersTableViewController.swift */ = {isa = PBXFileReference; lastKnownFileType = sourcecode.swift; path = WeathersTableViewController.swift; sourceTree = "<group>"; };
		F02EE46821F7ABF1008737C9 /* Base */ = {isa = PBXFileReference; lastKnownFileType = file.storyboard; name = Base; path = Base.lproj/Main.storyboard; sourceTree = "<group>"; };
		F02EE46D21F7ABF4008737C9 /* Base */ = {isa = PBXFileReference; lastKnownFileType = file.storyboard; name = Base; path = Base.lproj/LaunchScreen.storyboard; sourceTree = "<group>"; };
		F02EE46F21F7ABF4008737C9 /* Info.plist */ = {isa = PBXFileReference; lastKnownFileType = text.plist.xml; path = Info.plist; sourceTree = "<group>"; };
		F02EE47921F7AE73008737C9 /* WeathersTableViewCell.swift */ = {isa = PBXFileReference; lastKnownFileType = sourcecode.swift; path = WeathersTableViewCell.swift; sourceTree = "<group>"; };
		F02EE47B21F7AFD9008737C9 /* Region.swift */ = {isa = PBXFileReference; lastKnownFileType = sourcecode.swift; path = Region.swift; sourceTree = "<group>"; };
		F02EE47D21F7B01D008737C9 /* NetworkProcessor.swift */ = {isa = PBXFileReference; lastKnownFileType = sourcecode.swift; path = NetworkProcessor.swift; sourceTree = "<group>"; };
		F02EE47F21F7B92B008737C9 /* ForecastService.swift */ = {isa = PBXFileReference; lastKnownFileType = sourcecode.swift; path = ForecastService.swift; sourceTree = "<group>"; };
		F02EE48121F7BA32008737C9 /* Weather.swift */ = {isa = PBXFileReference; lastKnownFileType = sourcecode.swift; path = Weather.swift; sourceTree = "<group>"; };
		F02EE48521F7C410008737C9 /* Assets.xcassets */ = {isa = PBXFileReference; lastKnownFileType = folder.assetcatalog; name = Assets.xcassets; path = "../../../../Downloads/iOSProgramming6ed/10 - TableViewControllers/Solutions/Homepwner/Homepwner/Assets.xcassets"; sourceTree = "<group>"; };
		F02EE48721F8E773008737C9 /* WeatherViewController.swift */ = {isa = PBXFileReference; lastKnownFileType = sourcecode.swift; path = WeatherViewController.swift; sourceTree = "<group>"; };
		F02EE48921F90A8F008737C9 /* DailyWeather.swift */ = {isa = PBXFileReference; lastKnownFileType = sourcecode.swift; path = DailyWeather.swift; sourceTree = "<group>"; };
		F0C3E28221F9200500B933E1 /* CollectionViewCell.swift */ = {isa = PBXFileReference; lastKnownFileType = sourcecode.swift; path = CollectionViewCell.swift; sourceTree = "<group>"; };
		F0C3E28421F9DB4300B933E1 /* LineChart.swift */ = {isa = PBXFileReference; lastKnownFileType = sourcecode.swift; path = LineChart.swift; sourceTree = "<group>"; };
/* End PBXFileReference section */

/* Begin PBXFrameworksBuildPhase section */
		F02EE45D21F7ABF1008737C9 /* Frameworks */ = {
			isa = PBXFrameworksBuildPhase;
			buildActionMask = 2147483647;
			files = (
				87C32568EB32F92E87003FA8 /* Pods_Weather.framework in Frameworks */,
			);
			runOnlyForDeploymentPostprocessing = 0;
		};
/* End PBXFrameworksBuildPhase section */

/* Begin PBXGroup section */
		45E6DB49438B2F5342D3B901 /* Frameworks */ = {
			isa = PBXGroup;
			children = (
				4015E766CEEF5C92C7CFB5AA /* Pods_Weather.framework */,
			);
			name = Frameworks;
			sourceTree = "<group>";
		};
		465E8410B65B37832E58FFDD /* Pods */ = {
			isa = PBXGroup;
			children = (
				376ABAFDAAA88C3FD3F18B3B /* Pods-Weather.debug.xcconfig */,
				E9AD34C7917DD31288956EB9 /* Pods-Weather.release.xcconfig */,
			);
			name = Pods;
			sourceTree = "<group>";
		};
		F02EE45721F7ABF1008737C9 = {
			isa = PBXGroup;
			children = (
				F02EE46221F7ABF1008737C9 /* Weather */,
				F02EE46121F7ABF1008737C9 /* Products */,
				465E8410B65B37832E58FFDD /* Pods */,
				45E6DB49438B2F5342D3B901 /* Frameworks */,
			);
			sourceTree = "<group>";
		};
		F02EE46121F7ABF1008737C9 /* Products */ = {
			isa = PBXGroup;
			children = (
				F02EE46021F7ABF1008737C9 /* Weather.app */,
			);
			name = Products;
			sourceTree = "<group>";
		};
		F02EE46221F7ABF1008737C9 /* Weather */ = {
			isa = PBXGroup;
			children = (
				F02EE47521F7AC0E008737C9 /* Model */,
				F02EE47621F7AC28008737C9 /* Controller */,
				F02EE46321F7ABF1008737C9 /* AppDelegate.swift */,
				F02EE46721F7ABF1008737C9 /* Main.storyboard */,
				F02EE48521F7C410008737C9 /* Assets.xcassets */,
				F02EE46C21F7ABF4008737C9 /* LaunchScreen.storyboard */,
				F02EE46F21F7ABF4008737C9 /* Info.plist */,
			);
			path = Weather;
			sourceTree = "<group>";
		};
		F02EE47521F7AC0E008737C9 /* Model */ = {
			isa = PBXGroup;
			children = (
				F02EE47B21F7AFD9008737C9 /* Region.swift */,
				F02EE47D21F7B01D008737C9 /* NetworkProcessor.swift */,
				F02EE47F21F7B92B008737C9 /* ForecastService.swift */,
				F02EE48121F7BA32008737C9 /* Weather.swift */,
				F02EE48921F90A8F008737C9 /* DailyWeather.swift */,
				F0C3E28421F9DB4300B933E1 /* LineChart.swift */,
			);
			path = Model;
			sourceTree = "<group>";
		};
		F02EE47621F7AC28008737C9 /* Controller */ = {
			isa = PBXGroup;
			children = (
				F02EE46521F7ABF1008737C9 /* WeathersTableViewController.swift */,
				F02EE47921F7AE73008737C9 /* WeathersTableViewCell.swift */,
				F02EE48721F8E773008737C9 /* WeatherViewController.swift */,
				F0C3E28221F9200500B933E1 /* CollectionViewCell.swift */,
			);
			path = Controller;
			sourceTree = "<group>";
		};
/* End PBXGroup section */

/* Begin PBXNativeTarget section */
		F02EE45F21F7ABF1008737C9 /* Weather */ = {
			isa = PBXNativeTarget;
			buildConfigurationList = F02EE47221F7ABF4008737C9 /* Build configuration list for PBXNativeTarget "Weather" */;
			buildPhases = (
				69F0AC58F20925D0CEA5F7C5 /* [CP] Check Pods Manifest.lock */,
				F02EE45C21F7ABF1008737C9 /* Sources */,
				F02EE45D21F7ABF1008737C9 /* Frameworks */,
				F02EE45E21F7ABF1008737C9 /* Resources */,
				8BAE45FDFCE1FB099306EC37 /* [CP] Embed Pods Frameworks */,
			);
			buildRules = (
			);
			dependencies = (
			);
			name = Weather;
			productName = Weather;
			productReference = F02EE46021F7ABF1008737C9 /* Weather.app */;
			productType = "com.apple.product-type.application";
		};
/* End PBXNativeTarget section */

/* Begin PBXProject section */
		F02EE45821F7ABF1008737C9 /* Project object */ = {
			isa = PBXProject;
			attributes = {
				LastSwiftUpdateCheck = 1010;
				LastUpgradeCheck = 1010;
				ORGANIZATIONNAME = "Gerasim Israyelyan";
				TargetAttributes = {
					F02EE45F21F7ABF1008737C9 = {
						CreatedOnToolsVersion = 10.1;
					};
				};
			};
			buildConfigurationList = F02EE45B21F7ABF1008737C9 /* Build configuration list for PBXProject "Weather" */;
			compatibilityVersion = "Xcode 9.3";
			developmentRegion = en;
			hasScannedForEncodings = 0;
			knownRegions = (
				en,
				Base,
			);
			mainGroup = F02EE45721F7ABF1008737C9;
			productRefGroup = F02EE46121F7ABF1008737C9 /* Products */;
			projectDirPath = "";
			projectRoot = "";
			targets = (
				F02EE45F21F7ABF1008737C9 /* Weather */,
			);
		};
/* End PBXProject section */

/* Begin PBXResourcesBuildPhase section */
		F02EE45E21F7ABF1008737C9 /* Resources */ = {
			isa = PBXResourcesBuildPhase;
			buildActionMask = 2147483647;
			files = (
				F02EE46E21F7ABF4008737C9 /* LaunchScreen.storyboard in Resources */,
				F02EE48621F7C410008737C9 /* Assets.xcassets in Resources */,
				F02EE46921F7ABF1008737C9 /* Main.storyboard in Resources */,
			);
			runOnlyForDeploymentPostprocessing = 0;
		};
/* End PBXResourcesBuildPhase section */

/* Begin PBXShellScriptBuildPhase section */
		69F0AC58F20925D0CEA5F7C5 /* [CP] Check Pods Manifest.lock */ = {
			isa = PBXShellScriptBuildPhase;
			buildActionMask = 2147483647;
			files = (
			);
			inputFileListPaths = (
			);
			inputPaths = (
				"${PODS_PODFILE_DIR_PATH}/Podfile.lock",
				"${PODS_ROOT}/Manifest.lock",
			);
			name = "[CP] Check Pods Manifest.lock";
			outputFileListPaths = (
			);
			outputPaths = (
				"$(DERIVED_FILE_DIR)/Pods-Weather-checkManifestLockResult.txt",
			);
			runOnlyForDeploymentPostprocessing = 0;
			shellPath = /bin/sh;
			shellScript = "diff \"${PODS_PODFILE_DIR_PATH}/Podfile.lock\" \"${PODS_ROOT}/Manifest.lock\" > /dev/null\nif [ $? != 0 ] ; then\n    # print error to STDERR\n    echo \"error: The sandbox is not in sync with the Podfile.lock. Run 'pod install' or update your CocoaPods installation.\" >&2\n    exit 1\nfi\n# This output is used by Xcode 'outputs' to avoid re-running this script phase.\necho \"SUCCESS\" > \"${SCRIPT_OUTPUT_FILE_0}\"\n";
			showEnvVarsInLog = 0;
		};
		8BAE45FDFCE1FB099306EC37 /* [CP] Embed Pods Frameworks */ = {
			isa = PBXShellScriptBuildPhase;
			buildActionMask = 2147483647;
			files = (
			);
			inputFileListPaths = (
			);
			inputPaths = (
				"${SRCROOT}/Pods/Target Support Files/Pods-Weather/Pods-Weather-frameworks.sh",
				"${BUILT_PRODUCTS_DIR}/Charts/Charts.framework",
			);
			name = "[CP] Embed Pods Frameworks";
			outputFileListPaths = (
			);
			outputPaths = (
				"${TARGET_BUILD_DIR}/${FRAMEWORKS_FOLDER_PATH}/Charts.framework",
			);
			runOnlyForDeploymentPostprocessing = 0;
			shellPath = /bin/sh;
			shellScript = "\"${SRCROOT}/Pods/Target Support Files/Pods-Weather/Pods-Weather-frameworks.sh\"\n";
			showEnvVarsInLog = 0;
		};
/* End PBXShellScriptBuildPhase section */

/* Begin PBXSourcesBuildPhase section */
		F02EE45C21F7ABF1008737C9 /* Sources */ = {
			isa = PBXSourcesBuildPhase;
			buildActionMask = 2147483647;
			files = (
				F0C3E28321F9200500B933E1 /* CollectionViewCell.swift in Sources */,
				F02EE46621F7ABF1008737C9 /* WeathersTableViewController.swift in Sources */,
				F02EE47A21F7AE73008737C9 /* WeathersTableViewCell.swift in Sources */,
				F02EE46421F7ABF1008737C9 /* AppDelegate.swift in Sources */,
				F0C3E28521F9DB4300B933E1 /* LineChart.swift in Sources */,
				F02EE47C21F7AFD9008737C9 /* Region.swift in Sources */,
				F02EE48021F7B92B008737C9 /* ForecastService.swift in Sources */,
				F02EE48821F8E773008737C9 /* WeatherViewController.swift in Sources */,
				F02EE47E21F7B01D008737C9 /* NetworkProcessor.swift in Sources */,
				F02EE48221F7BA32008737C9 /* Weather.swift in Sources */,
				F02EE48A21F90A8F008737C9 /* DailyWeather.swift in Sources */,
			);
			runOnlyForDeploymentPostprocessing = 0;
		};
/* End PBXSourcesBuildPhase section */

/* Begin PBXVariantGroup section */
		F02EE46721F7ABF1008737C9 /* Main.storyboard */ = {
			isa = PBXVariantGroup;
			children = (
				F02EE46821F7ABF1008737C9 /* Base */,
			);
			name = Main.storyboard;
			sourceTree = "<group>";
		};
		F02EE46C21F7ABF4008737C9 /* LaunchScreen.storyboard */ = {
			isa = PBXVariantGroup;
			children = (
				F02EE46D21F7ABF4008737C9 /* Base */,
			);
			name = LaunchScreen.storyboard;
			sourceTree = "<group>";
		};
/* End PBXVariantGroup section */

/* Begin XCBuildConfiguration section */
		F02EE47021F7ABF4008737C9 /* Debug */ = {
			isa = XCBuildConfiguration;
			buildSettings = {
				ALWAYS_SEARCH_USER_PATHS = NO;
				CLANG_ANALYZER_NONNULL = YES;
				CLANG_ANALYZER_NUMBER_OBJECT_CONVERSION = YES_AGGRESSIVE;
				CLANG_CXX_LANGUAGE_STANDARD = "gnu++14";
				CLANG_CXX_LIBRARY = "libc++";
				CLANG_ENABLE_MODULES = YES;
				CLANG_ENABLE_OBJC_ARC = YES;
				CLANG_ENABLE_OBJC_WEAK = YES;
				CLANG_WARN_BLOCK_CAPTURE_AUTORELEASING = YES;
				CLANG_WARN_BOOL_CONVERSION = YES;
				CLANG_WARN_COMMA = YES;
				CLANG_WARN_CONSTANT_CONVERSION = YES;
				CLANG_WARN_DEPRECATED_OBJC_IMPLEMENTATIONS = YES;
				CLANG_WARN_DIRECT_OBJC_ISA_USAGE = YES_ERROR;
				CLANG_WARN_DOCUMENTATION_COMMENTS = YES;
				CLANG_WARN_EMPTY_BODY = YES;
				CLANG_WARN_ENUM_CONVERSION = YES;
				CLANG_WARN_INFINITE_RECURSION = YES;
				CLANG_WARN_INT_CONVERSION = YES;
				CLANG_WARN_NON_LITERAL_NULL_CONVERSION = YES;
				CLANG_WARN_OBJC_IMPLICIT_RETAIN_SELF = YES;
				CLANG_WARN_OBJC_LITERAL_CONVERSION = YES;
				CLANG_WARN_OBJC_ROOT_CLASS = YES_ERROR;
				CLANG_WARN_RANGE_LOOP_ANALYSIS = YES;
				CLANG_WARN_STRICT_PROTOTYPES = YES;
				CLANG_WARN_SUSPICIOUS_MOVE = YES;
				CLANG_WARN_UNGUARDED_AVAILABILITY = YES_AGGRESSIVE;
				CLANG_WARN_UNREACHABLE_CODE = YES;
				CLANG_WARN__DUPLICATE_METHOD_MATCH = YES;
				CODE_SIGN_IDENTITY = "iPhone Developer";
				COPY_PHASE_STRIP = NO;
				DEBUG_INFORMATION_FORMAT = dwarf;
				ENABLE_STRICT_OBJC_MSGSEND = YES;
				ENABLE_TESTABILITY = YES;
				GCC_C_LANGUAGE_STANDARD = gnu11;
				GCC_DYNAMIC_NO_PIC = NO;
				GCC_NO_COMMON_BLOCKS = YES;
				GCC_OPTIMIZATION_LEVEL = 0;
				GCC_PREPROCESSOR_DEFINITIONS = (
					"DEBUG=1",
					"$(inherited)",
				);
				GCC_WARN_64_TO_32_BIT_CONVERSION = YES;
				GCC_WARN_ABOUT_RETURN_TYPE = YES_ERROR;
				GCC_WARN_UNDECLARED_SELECTOR = YES;
				GCC_WARN_UNINITIALIZED_AUTOS = YES_AGGRESSIVE;
				GCC_WARN_UNUSED_FUNCTION = YES;
				GCC_WARN_UNUSED_VARIABLE = YES;
				IPHONEOS_DEPLOYMENT_TARGET = 12.1;
				MTL_ENABLE_DEBUG_INFO = INCLUDE_SOURCE;
				MTL_FAST_MATH = YES;
				ONLY_ACTIVE_ARCH = YES;
				SDKROOT = iphoneos;
				SWIFT_ACTIVE_COMPILATION_CONDITIONS = DEBUG;
				SWIFT_OPTIMIZATION_LEVEL = "-Onone";
			};
			name = Debug;
		};
		F02EE47121F7ABF4008737C9 /* Release */ = {
			isa = XCBuildConfiguration;
			buildSettings = {
				ALWAYS_SEARCH_USER_PATHS = NO;
				CLANG_ANALYZER_NONNULL = YES;
				CLANG_ANALYZER_NUMBER_OBJECT_CONVERSION = YES_AGGRESSIVE;
				CLANG_CXX_LANGUAGE_STANDARD = "gnu++14";
				CLANG_CXX_LIBRARY = "libc++";
				CLANG_ENABLE_MODULES = YES;
				CLANG_ENABLE_OBJC_ARC = YES;
				CLANG_ENABLE_OBJC_WEAK = YES;
				CLANG_WARN_BLOCK_CAPTURE_AUTORELEASING = YES;
				CLANG_WARN_BOOL_CONVERSION = YES;
				CLANG_WARN_COMMA = YES;
				CLANG_WARN_CONSTANT_CONVERSION = YES;
				CLANG_WARN_DEPRECATED_OBJC_IMPLEMENTATIONS = YES;
				CLANG_WARN_DIRECT_OBJC_ISA_USAGE = YES_ERROR;
				CLANG_WARN_DOCUMENTATION_COMMENTS = YES;
				CLANG_WARN_EMPTY_BODY = YES;
				CLANG_WARN_ENUM_CONVERSION = YES;
				CLANG_WARN_INFINITE_RECURSION = YES;
				CLANG_WARN_INT_CONVERSION = YES;
				CLANG_WARN_NON_LITERAL_NULL_CONVERSION = YES;
				CLANG_WARN_OBJC_IMPLICIT_RETAIN_SELF = YES;
				CLANG_WARN_OBJC_LITERAL_CONVERSION = YES;
				CLANG_WARN_OBJC_ROOT_CLASS = YES_ERROR;
				CLANG_WARN_RANGE_LOOP_ANALYSIS = YES;
				CLANG_WARN_STRICT_PROTOTYPES = YES;
				CLANG_WARN_SUSPICIOUS_MOVE = YES;
				CLANG_WARN_UNGUARDED_AVAILABILITY = YES_AGGRESSIVE;
				CLANG_WARN_UNREACHABLE_CODE = YES;
				CLANG_WARN__DUPLICATE_METHOD_MATCH = YES;
				CODE_SIGN_IDENTITY = "iPhone Developer";
				COPY_PHASE_STRIP = NO;
				DEBUG_INFORMATION_FORMAT = "dwarf-with-dsym";
				ENABLE_NS_ASSERTIONS = NO;
				ENABLE_STRICT_OBJC_MSGSEND = YES;
				GCC_C_LANGUAGE_STANDARD = gnu11;
				GCC_NO_COMMON_BLOCKS = YES;
				GCC_WARN_64_TO_32_BIT_CONVERSION = YES;
				GCC_WARN_ABOUT_RETURN_TYPE = YES_ERROR;
				GCC_WARN_UNDECLARED_SELECTOR = YES;
				GCC_WARN_UNINITIALIZED_AUTOS = YES_AGGRESSIVE;
				GCC_WARN_UNUSED_FUNCTION = YES;
				GCC_WARN_UNUSED_VARIABLE = YES;
				IPHONEOS_DEPLOYMENT_TARGET = 12.1;
				MTL_ENABLE_DEBUG_INFO = NO;
				MTL_FAST_MATH = YES;
				SDKROOT = iphoneos;
				SWIFT_COMPILATION_MODE = wholemodule;
				SWIFT_OPTIMIZATION_LEVEL = "-O";
				VALIDATE_PRODUCT = YES;
			};
			name = Release;
		};
		F02EE47321F7ABF4008737C9 /* Debug */ = {
			isa = XCBuildConfiguration;
			baseConfigurationReference = 376ABAFDAAA88C3FD3F18B3B /* Pods-Weather.debug.xcconfig */;
			buildSettings = {
				ASSETCATALOG_COMPILER_APPICON_NAME = AppIcon;
				ASSETCATALOG_COMPILER_LAUNCHIMAGE_NAME = LaunchImage;
				CODE_SIGN_STYLE = Automatic;
				INFOPLIST_FILE = Weather/Info.plist;
				LD_RUNPATH_SEARCH_PATHS = (
					"$(inherited)",
					"@executable_path/Frameworks",
				);
				PRODUCT_BUNDLE_IDENTIFIER = com.1003.Weather;
				PRODUCT_NAME = "$(TARGET_NAME)";
				SWIFT_VERSION = 4.2;
				TARGETED_DEVICE_FAMILY = "1,2";
			};
			name = Debug;
		};
		F02EE47421F7ABF4008737C9 /* Release */ = {
			isa = XCBuildConfiguration;
			baseConfigurationReference = E9AD34C7917DD31288956EB9 /* Pods-Weather.release.xcconfig */;
			buildSettings = {
				ASSETCATALOG_COMPILER_APPICON_NAME = AppIcon;
				ASSETCATALOG_COMPILER_LAUNCHIMAGE_NAME = LaunchImage;
				CODE_SIGN_STYLE = Automatic;
				INFOPLIST_FILE = Weather/Info.plist;
				LD_RUNPATH_SEARCH_PATHS = (
					"$(inherited)",
					"@executable_path/Frameworks",
				);
				PRODUCT_BUNDLE_IDENTIFIER = com.1003.Weather;
				PRODUCT_NAME = "$(TARGET_NAME)";
				SWIFT_VERSION = 4.2;
				TARGETED_DEVICE_FAMILY = "1,2";
			};
			name = Release;
		};
/* End XCBuildConfiguration section */

/* Begin XCConfigurationList section */
		F02EE45B21F7ABF1008737C9 /* Build configuration list for PBXProject "Weather" */ = {
			isa = XCConfigurationList;
			buildConfigurations = (
				F02EE47021F7ABF4008737C9 /* Debug */,
				F02EE47121F7ABF4008737C9 /* Release */,
			);
			defaultConfigurationIsVisible = 0;
			defaultConfigurationName = Release;
		};
		F02EE47221F7ABF4008737C9 /* Build configuration list for PBXNativeTarget "Weather" */ = {
			isa = XCConfigurationList;
			buildConfigurations = (
				F02EE47321F7ABF4008737C9 /* Debug */,
				F02EE47421F7ABF4008737C9 /* Release */,
			);
			defaultConfigurationIsVisible = 0;
			defaultConfigurationName = Release;
		};
/* End XCConfigurationList section */
	};
	rootObject = F02EE45821F7ABF1008737C9 /* Project object */;
}
